{
    "_meta": {
        "hash": {
            "sha256": "700b2531af616abc2f64a86c95e90edf3e2844f4de5dcb0d227852adbef8da4e"
        },
        "pipfile-spec": 6,
        "requires": {
            "python_version": "3.13"
        },
        "sources": [
            {
                "name": "pypi",
                "url": "https://pypi.python.org/simple",
                "verify_ssl": true
            }
        ]
    },
    "default": {
        "glob2": {
            "hashes": [
                "sha256:85c3dbd07c8aa26d63d7aacee34fa86e9a91a3873bc30bf62ec46e531f92ab8c"
            ],
            "index": "pypi",
            "version": "==0.7"
        }
    },
    "develop": {
        "certifi": {
            "hashes": [
                "sha256:e564105f78ded564e3ae7c923924435e1daa7463faeab5bb932bc53ffae63407",
                "sha256:f6c12493cfb1b06ba2ff328595af9350c65d6644968e5d3a2ffd78699af217a5"
            ],
            "markers": "python_version >= '3.7'",
            "version": "==2025.8.3"
        },
        "cffi": {
            "hashes": [
                "sha256:0dbbe4a9bfcc058fccfee33ea5bebe50440767d219c2efa3a722a90ed59e8cfa",
                "sha256:0eb17b22e313c453c940931f5d063ba9e87e5db12d99473477ab1851e66fedb4",
                "sha256:142c9c0c75fbc95ce23836e538681bd89e483de37b7cdf251dbdf0975995f8ac",
                "sha256:14505e4a82aa84abddab6e493946d3ed6bf6d268b58e4c2f5bcf8ec2dee2ca2d",
                "sha256:14c0ade7949f088615450abf884064b4ef11e8c9917b99d53f12e06cdfd2cd36",
                "sha256:16dc303af3630f54186b86aadf1121badf3cba6de17dfeacb84c5091e059a690",
                "sha256:1f4ca4ac8b9ee620ff5cb4307fae08691a0911bf0eeb488e8d6cf55bd77dfe43",
                "sha256:2155d2a0819c3fdcaa37832fb69e698d455627c23f83bc9c7adbef699fe4be19",
                "sha256:230a97779cdd6734b6af3bfda4be31406bab58a078f25327b169975be9225a46",
                "sha256:2355cd38f375906da70a8bad548eb63f65bed43c1044ed075691fa36e8e8315a",
                "sha256:265666e15da6974e6a74110873321e84c7c2288e379aca44a7df4713325b9be4",
                "sha256:27309de8cebf48e056550db6607e2fb2c50109b54fc72c02b3b34811233483be",
                "sha256:2b08dd1a826b678d39aa78f30edc1b7d9bd1e5b7e5adc2d47e8f56ab25ac7c13",
                "sha256:2da933859e1465a08f36d88e0452194da27b9ff0813e5ba49f02c544682d40e0",
                "sha256:2ea57043b545f346b081877737cb0320960012107d0250fa5183a4306f9365d6",
                "sha256:2fd8f55419576289d7cd8c9349ea46a222379936136754ab4c2b041294b0b48d",
                "sha256:314afab228f7b45de7bae55059b4e706296e7d3984d53e643cc0389757216221",
                "sha256:31b8e3204cdef043e59a296383e6a43461d17c5c3d73fa9cebf4716a561291b0",
                "sha256:339e853c75f69c726b1a85f2217db6880422f915770679c47150eea895e02b46",
                "sha256:352e1949f7af33c37b060d2c2ea8a8fa1be6695ff94f8d5f7738bacacb9d6de4",
                "sha256:39eedbed09879f6d1591ad155afcc162aa11ebf3271215339b4aef3df5631573",
                "sha256:3b8aee0176d80781a21855832c411cfd3126c34966650693ec1245f0b756498b",
                "sha256:3ba9946f292f7ae3a6f1cc72af259c477c291eb10ad3ca74180862e39f46a521",
                "sha256:3cc3245802b4950bc5459a2ef9a650d948972e44df120ecd2c6201814c8edb54",
                "sha256:4210ddc2b41c20739c64dede1304fb81415220ea671885623063fab44066e376",
                "sha256:4440de58d19c0bebe6a2f3b721253d67b27aabb34e00ab35756d8699876191ea",
                "sha256:47a91ab8d17ed7caed27e5b2eda3b3478f3d28cecb3939d708545804273e159b",
                "sha256:4b69c24a89c30a7821ecd25bcaff99075d95dd0c85c8845768c340a7736d84cf",
                "sha256:504d264944d0934d7b02164af5c62b175255ef0d39c5142d95968b710c58a8f6",
                "sha256:505bec438236c623d7cfd8cc740598611a1d4883a629a0e33eb9e3c2dcd81b04",
                "sha256:53c780c2ec8ce0e5db9b74e9b0b55ff5d5f70071202740cef073a2771fa1d2ce",
                "sha256:53fbcfdb35760bc6fb68096632d29700bcf37fd0d71922dcc577eb6193fc6edc",
                "sha256:5acd1da34b96c8881b5df0e3d83cdbecc349b9ad5e9b8c0c589646c241448853",
                "sha256:5f304ce328ecfb7bc36034374c20d0b4ae70423253f8a81c5e0b5efd90e29cd4",
                "sha256:5f373f9bdc3569acd8aaebb6b521080eeb5a298533a58715537caf74e9e27f6b",
                "sha256:601ddbaa51b1bd96a92a6a26e855060390023ab600377280a9bed7703ed2a088",
                "sha256:60c2c1d7adf558b932de9e4633f68e359063d1a748c92a4a3cba832085e9819b",
                "sha256:6a1faa47c7fbe0627f6b621dadebed9f532a789a1d3b519731304da1d3ec3d14",
                "sha256:6de033c73dc89f80139c5a7d135fbd6c1d7b28ebb0d2df98cd1f4ef76991b15c",
                "sha256:6ff1ba153e0740c2ea47d74d015c1a03c3addab1681633be0838103c297b855c",
                "sha256:71ab35c6cc375da1e2c06af65bf0b5049199ad9b264f9ed7c90c0fe9450900e3",
                "sha256:762dd8db1bd710f7b828b3c6cbb7101b5e190e722eb5633eb79b1a6b751e349a",
                "sha256:765c82d4a73ded03bfea961364f4c57dd6cfe7b0d57b7a2d9b95e2e7bd5de6f7",
                "sha256:76a19efb88a495bb7377fc542c7f97c9816dfc1d6bb4ad147acb99599a83e248",
                "sha256:782f60714ea2935e5391a0f69ad4705624cdc86243b18dcfafd08565c28e89bd",
                "sha256:7b17e92900eb61bce62ea07ea8dd0dc33aa476ee8f977918050e52f90f5b645c",
                "sha256:7dfd6f8f57e812f3175aa0d4d36ed797b6ff35f7cdfefea05417569b543ddc94",
                "sha256:853e90e942246f9e098f16baa45896f80675f86ab6447823c4030a67c3cc112d",
                "sha256:856eb353a42b04d02b0633c71123276710a5390e92a27fbd2446864ca7d27923",
                "sha256:87acb9e2221ed37c385c9cef866377fbaa13180de9ba1cdc4e6dc927b273c87f",
                "sha256:8af08fd246d2a544c8b68c25c171809d08eed9372f2026ae48dad17d26525578",
                "sha256:916141ca9ff05e9f67fe73c39a527d96a7101191673dee9985e71cd164b55915",
                "sha256:91fc109a1412dd29657f442a61bb571baaa1d074628145008ceb54dc9bb13941",
                "sha256:9c70c77ec47b96a593477386d7bf23243996c75f1cc7ce383ba35dcedca9bd14",
                "sha256:9d04b5fc06ba0ce45d7e51dfd8a14dc20708ef301fcf5a215c507f4e084b00c8",
                "sha256:9e23ac717e8b3767c80198d483c743fe596b055a6e29ef34f9d8cdf61f941f2f",
                "sha256:a160995771c54b12dc5a1ef44d6fd59aeea4909e2d58c10169156e9d9a7e2960",
                "sha256:a812e9ab7a0bfef3e89089c0359e631d8521d5efc8d21c7ede3f1568db689920",
                "sha256:a898f76bac81f9a371df6c8664228a85cdea6b283a721f2493f0df6f80afd208",
                "sha256:aaec3f41cd6f0ffda5e23365822710d747b8613d3b8f54e12b5d7dcde688300d",
                "sha256:ab4aea2f93ab6c408f0c6be8ddebe4d1086b4966148f542fe11cf82ca698dc07",
                "sha256:adbed7d68bc8837eb2c73e01bc284b5af9898e82b6067a6cbffea4f1820626e4",
                "sha256:bce5ce4790b8347c2d7937312218d0282af344f8a589db163520a02fe8e42281",
                "sha256:bd7ce5d8224fb5a57bd7f1d9843aa4ecb870ec3f4a2101e1ba8314e91177e184",
                "sha256:bdd3ce5e620ff6ee1e89fb7abb620756482fb3e337e5121e441cb0071c11cbd0",
                "sha256:be957dd266facf8e4925643073159b05021a990b46620b06ca27eaf9d900dbc2",
                "sha256:c177aa1cdae420519665da22760f4a4a159551733d4686a4467f579bf7b75470",
                "sha256:c5713cac21b2351a53958c765d8e9eda45184bb757c3ccab139608e708788796",
                "sha256:cb351fade24f7ba9ca481bee53d4257053b9fa9da55da276fe1187a990a49dde",
                "sha256:cbde39be02aa7d8fbcd6bf1a9241cb1d84f2e2f0614970c51a707a9a176b85c6",
                "sha256:cf1b2510f1a91c4d7e8f83df6a13404332421e6e4a067059174d455653ae5314",
                "sha256:d2ede96d5de012d74b174082dec44c58a35b42e0ea9f197063ddb5e504ee0c7e",
                "sha256:d31ba9f54739dcf98edb87e4881e326fad79e4866137c24afb0da531c1a965ca",
                "sha256:d88f849d03c9aa2d7bbd710a0e20266f92bf524396c7fce881cd5a1971447812",
                "sha256:e227627762046204df31c589d7406540778d05622e395d41fc68b7895d40c174",
                "sha256:e2920fa42cf0616c21ea6d3948ad207cf0e420d2d2ef449d86ccad6ef9c13393",
                "sha256:e342223ada6b1d34f3719d3612991924cb68fa7f8fb2ec22f5bda254882828ab",
                "sha256:ebb116751a49977c0b130493d3af13c567c4613946d293d4f61601237fabcd5f",
                "sha256:ecf72cb96106fbde29682db37569c7cee3ebf29ecf9ead46978679057c6df234",
                "sha256:f2ebc97ba03b26e9b6b048b6c3981165126905cb20564fbf6584f5e072a1c189",
                "sha256:f4b5acb4cddcaf0ebb82a226f9fa1d5063505e0c206031ee1f4d173750b592fd",
                "sha256:fba9546b80f3b275f04915ffbca7b75aa22a353c4f6410469fb1d8c340ec1c31",
                "sha256:fe8cb43962af8e43facad740930fadc4cf8cdc1e073f59d0f13714711807979f",
                "sha256:ffbbeedd6bac26c0373b71831d3c73181a1c100dc6fc7aadbfcca54cace417db"
            ],
            "markers": "python_version >= '3.9'",
            "version": "==2.0.0b1"
        },
        "charset-normalizer": {
            "hashes": [
                "sha256:00237675befef519d9af72169d8604a067d92755e84fe76492fef5441db05b91",
                "sha256:02425242e96bcf29a49711b0ca9f37e451da7c70562bc10e8ed992a5a7a25cc0",
                "sha256:027b776c26d38b7f15b26a5da1044f376455fb3766df8fc38563b4efbc515154",
                "sha256:07a0eae9e2787b586e129fdcbe1af6997f8d0e5abaa0bc98c0e20e124d67e601",
                "sha256:0cacf8f7297b0c4fcb74227692ca46b4a5852f8f4f24b3c766dd94a1075c4884",
                "sha256:0e78314bdc32fa80696f72fa16dc61168fda4d6a0c014e0380f9d02f0e5d8a07",
                "sha256:0f2be7e0cf7754b9a30eb01f4295cc3d4358a479843b31f328afd210e2c7598c",
                "sha256:13faeacfe61784e2559e690fc53fa4c5ae97c6fcedb8eb6fb8d0a15b475d2c64",
                "sha256:14c2a87c65b351109f6abfc424cab3927b3bdece6f706e4d12faaf3d52ee5efe",
                "sha256:1606f4a55c0fd363d754049cdf400175ee96c992b1f8018b993941f221221c5f",
                "sha256:16a8770207946ac75703458e2c743631c79c59c5890c80011d536248f8eaa432",
                "sha256:18343b2d246dc6761a249ba1fb13f9ee9a2bcd95decc767319506056ea4ad4dc",
                "sha256:18b97b8404387b96cdbd30ad660f6407799126d26a39ca65729162fd810a99aa",
                "sha256:1bb60174149316da1c35fa5233681f7c0f9f514509b8e399ab70fea5f17e45c9",
                "sha256:1e8ac75d72fa3775e0b7cb7e4629cec13b7514d928d15ef8ea06bca03ef01cae",
                "sha256:1ef99f0456d3d46a50945c98de1774da86f8e992ab5c77865ea8b8195341fc19",
                "sha256:2001a39612b241dae17b4687898843f254f8748b796a2e16f1051a17078d991d",
                "sha256:23b6b24d74478dc833444cbd927c338349d6ae852ba53a0d02a2de1fce45b96e",
                "sha256:252098c8c7a873e17dd696ed98bbe91dbacd571da4b87df3736768efa7a792e4",
                "sha256:257f26fed7d7ff59921b78244f3cd93ed2af1800ff048c33f624c87475819dd7",
                "sha256:2c322db9c8c89009a990ef07c3bcc9f011a3269bc06782f916cd3d9eed7c9312",
                "sha256:30a96e1e1f865f78b030d65241c1ee850cdf422d869e9028e2fc1d5e4db73b92",
                "sha256:30d006f98569de3459c2fc1f2acde170b7b2bd265dc1943e87e1a4efe1b67c31",
                "sha256:31a9a6f775f9bcd865d88ee350f0ffb0e25936a7f930ca98995c05abf1faf21c",
                "sha256:320e8e66157cc4e247d9ddca8e21f427efc7a04bbd0ac8a9faf56583fa543f9f",
                "sha256:34a7f768e3f985abdb42841e20e17b330ad3aaf4bb7e7aeeb73db2e70f077b99",
                "sha256:3653fad4fe3ed447a596ae8638b437f827234f01a8cd801842e43f3d0a6b281b",
                "sha256:3cd35b7e8aedeb9e34c41385fda4f73ba609e561faedfae0a9e75e44ac558a15",
                "sha256:3cfb2aad70f2c6debfbcb717f23b7eb55febc0bb23dcffc0f076009da10c6392",
                "sha256:416175faf02e4b0810f1f38bcb54682878a4af94059a1cd63b8747244420801f",
                "sha256:41d1fc408ff5fdfb910200ec0e74abc40387bccb3252f3f27c0676731df2b2c8",
                "sha256:42e5088973e56e31e4fa58eb6bd709e42fc03799c11c42929592889a2e54c491",
                "sha256:4ca4c094de7771a98d7fbd67d9e5dbf1eb73efa4f744a730437d8a3a5cf994f0",
                "sha256:511729f456829ef86ac41ca78c63a5cb55240ed23b4b737faca0eb1abb1c41bc",
                "sha256:53cd68b185d98dde4ad8990e56a58dea83a4162161b1ea9272e5c9182ce415e0",
                "sha256:585f3b2a80fbd26b048a0be90c5aae8f06605d3c92615911c3a2b03a8a3b796f",
                "sha256:5b413b0b1bfd94dbf4023ad6945889f374cd24e3f62de58d6bb102c4d9ae534a",
                "sha256:5d8d01eac18c423815ed4f4a2ec3b439d654e55ee4ad610e153cf02faf67ea40",
                "sha256:6aab0f181c486f973bc7262a97f5aca3ee7e1437011ef0c2ec04b5a11d16c927",
                "sha256:6cf8fd4c04756b6b60146d98cd8a77d0cdae0e1ca20329da2ac85eed779b6849",
                "sha256:6fb70de56f1859a3f71261cbe41005f56a7842cc348d3aeb26237560bfa5e0ce",
                "sha256:6fce4b8500244f6fcb71465d4a4930d132ba9ab8e71a7859e6a5d59851068d14",
                "sha256:70bfc5f2c318afece2f5838ea5e4c3febada0be750fcf4775641052bbba14d05",
                "sha256:73dc19b562516fc9bcf6e5d6e596df0b4eb98d87e4f79f3ae71840e6ed21361c",
                "sha256:74d77e25adda8581ffc1c720f1c81ca082921329452eba58b16233ab1842141c",
                "sha256:78deba4d8f9590fe4dae384aeff04082510a709957e968753ff3c48399f6f92a",
                "sha256:86df271bf921c2ee3818f0522e9a5b8092ca2ad8b065ece5d7d9d0e9f4849bcc",
                "sha256:88ab34806dea0671532d3f82d82b85e8fc23d7b2dd12fa837978dad9bb392a34",
                "sha256:8999f965f922ae054125286faf9f11bc6932184b93011d138925a1773830bbe9",
                "sha256:8dcfc373f888e4fb39a7bc57e93e3b845e7f462dacc008d9749568b1c4ece096",
                "sha256:939578d9d8fd4299220161fdd76e86c6a251987476f5243e8864a7844476ba14",
                "sha256:96b2b3d1a83ad55310de8c7b4a2d04d9277d5591f40761274856635acc5fcb30",
                "sha256:a2d08ac246bb48479170408d6c19f6385fa743e7157d716e144cad849b2dd94b",
                "sha256:b256ee2e749283ef3ddcff51a675ff43798d92d746d1a6e4631bf8c707d22d0b",
                "sha256:b5e3b2d152e74e100a9e9573837aba24aab611d39428ded46f4e4022ea7d1942",
                "sha256:b89bc04de1d83006373429975f8ef9e7932534b8cc9ca582e4db7d20d91816db",
                "sha256:bd28b817ea8c70215401f657edef3a8aa83c29d447fb0b622c35403780ba11d5",
                "sha256:c60e092517a73c632ec38e290eba714e9627abe9d301c8c8a12ec32c314a2a4b",
                "sha256:c6dbd0ccdda3a2ba7c2ecd9d77b37f3b5831687d8dc1b6ca5f56a4880cc7b7ce",
                "sha256:c6e490913a46fa054e03699c70019ab869e990270597018cef1d8562132c2669",
                "sha256:c6f162aabe9a91a309510d74eeb6507fab5fff92337a15acbe77753d88d9dcf0",
                "sha256:c6fd51128a41297f5409deab284fecbe5305ebd7e5a1f959bee1c054622b7018",
                "sha256:cc34f233c9e71701040d772aa7490318673aa7164a0efe3172b2981218c26d93",
                "sha256:cc9370a2da1ac13f0153780040f465839e6cccb4a1e44810124b4e22483c93fe",
                "sha256:ccf600859c183d70eb47e05a44cd80a4ce77394d1ac0f79dbd2dd90a69a3a049",
                "sha256:ce571ab16d890d23b5c278547ba694193a45011ff86a9162a71307ed9f86759a",
                "sha256:cf1ebb7d78e1ad8ec2a8c4732c7be2e736f6e5123a4146c5b89c9d1f585f8cef",
                "sha256:d0e909868420b7049dafd3a31d45125b31143eec59235311fc4c57ea26a4acd2",
                "sha256:d22dbedd33326a4a5190dd4fe9e9e693ef12160c77382d9e87919bce54f3d4ca",
                "sha256:d716a916938e03231e86e43782ca7878fb602a125a91e7acb8b5112e2e96ac16",
                "sha256:d79c198e27580c8e958906f803e63cddb77653731be08851c7df0b1a14a8fc0f",
                "sha256:d95bfb53c211b57198bb91c46dd5a2d8018b3af446583aab40074bf7988401cb",
                "sha256:e28e334d3ff134e88989d90ba04b47d84382a828c061d0d1027b1b12a62b39b1",
                "sha256:ec557499516fc90fd374bf2e32349a2887a876fbf162c160e3c01b6849eaf557",
                "sha256:fb6fecfd65564f208cbf0fba07f107fb661bcd1a7c389edbced3f7a493f70e37",
                "sha256:fb731e5deb0c7ef82d698b0f4c5bb724633ee2a489401594c5c88b02e6cb15f7",
                "sha256:fb7f67a1bfa6e40b438170ebdc8158b78dc465a5a67b6dde178a46987b244a72",
                "sha256:fd10de089bcdcd1be95a2f73dbe6254798ec1bda9f450d5828c96f93e2536b9c",
                "sha256:fdabf8315679312cfa71302f9bd509ded4f2f263fb5b765cf1433b39106c3cc9"
            ],
            "markers": "python_version >= '3.7'",
            "version": "==3.4.3"
        },
        "cryptography": {
            "hashes": [
                "sha256:06ce84dc14df0bf6ea84666f958e6080cdb6fe1231be2a51f3fc1267d9f3fb34",
                "sha256:16ede8a4f7929b4b7ff3642eba2bf79aa1d71f24ab6ee443935c0d269b6bc513",
                "sha256:18fcf70f243fe07252dcb1b268a687f2358025ce32f9f88028ca5c364b123ef5",
                "sha256:1993a1bb7e4eccfb922b6cd414f072e08ff5816702a0bdb8941c247a6b1b287c",
                "sha256:1f3d56f73595376f4244646dd5c5870c14c196949807be39e79e7bd9bac3da63",
                "sha256:258e0dff86d1d891169b5af222d362468a9570e2532923088658aa866eb11130",
                "sha256:2f641b64acc00811da98df63df7d59fd4706c0df449da71cb7ac39a0732b40ae",
                "sha256:3808e6b2e5f0b46d981c24d79648e5c25c35e59902ea4391a0dcb3e667bf7443",
                "sha256:3994c809c17fc570c2af12c9b840d7cea85a9fd3e5c0e0491f4fa3c029216d59",
                "sha256:3be4f21c6245930688bd9e162829480de027f8bf962ede33d4f8ba7d67a00cee",
                "sha256:465ccac9d70115cd4de7186e60cfe989de73f7bb23e8a7aa45af18f7412e75bf",
                "sha256:48c41a44ef8b8c2e80ca4527ee81daa4c527df3ecbc9423c41a420a9559d0e27",
                "sha256:4a862753b36620af6fc54209264f92c716367f2f0ff4624952276a6bbd18cbde",
                "sha256:4b1654dfc64ea479c242508eb8c724044f1e964a47d1d1cacc5132292d851971",
                "sha256:4bd3e5c4b9682bc112d634f2c6ccc6736ed3635fc3319ac2bb11d768cc5a00d8",
                "sha256:577470e39e60a6cd7780793202e63536026d9b8641de011ed9d8174da9ca5339",
                "sha256:67285f8a611b0ebc0857ced2081e30302909f571a46bfa7a3cc0ad303fe015c6",
                "sha256:7285a89df4900ed3bfaad5679b1e668cb4b38a8de1ccbfc84b05f34512da0a90",
                "sha256:81823935e2f8d476707e85a78a405953a03ef7b7b4f55f93f7c2d9680e5e0691",
                "sha256:8978132287a9d3ad6b54fcd1e08548033cc09dc6aacacb6c004c73c3eb5d3ac3",
                "sha256:a20e442e917889d1a6b3c570c9e3fa2fdc398c20868abcea268ea33c024c4083",
                "sha256:a24ee598d10befaec178efdff6054bc4d7e883f615bfbcd08126a0f4931c83a6",
                "sha256:b04f85ac3a90c227b6e5890acb0edbaf3140938dbecf07bff618bf3638578cf1",
                "sha256:b6a0e535baec27b528cb07a119f321ac024592388c5681a5ced167ae98e9fff3",
                "sha256:bef32a5e327bd8e5af915d3416ffefdbe65ed975b646b3805be81b23580b57b8",
                "sha256:bfb4c801f65dd61cedfc61a83732327fafbac55a47282e6f26f073ca7a41c3b2",
                "sha256:c13b1e3afd29a5b3b2656257f14669ca8fa8d7956d509926f0b130b600b50ab7",
                "sha256:c987dad82e8c65ebc985f5dae5e74a3beda9d0a2a4daf8a1115f3772b59e5141",
                "sha256:ce7a453385e4c4693985b4a4a3533e041558851eae061a58a5405363b098fcd3",
                "sha256:d0c5c6bac22b177bf8da7435d9d27a6834ee130309749d162b26c3105c0795a9",
                "sha256:d97cf502abe2ab9eff8bd5e4aca274da8d06dd3ef08b759a8d6143f4ad65d4b4",
                "sha256:dad43797959a74103cb59c5dac71409f9c27d34c8a05921341fb64ea8ccb1dd4",
                "sha256:dd342f085542f6eb894ca00ef70236ea46070c8a13824c6bde0dfdcd36065b9b",
                "sha256:de58755d723e86175756f463f2f0bddd45cc36fbd62601228a3f8761c9f58252",
                "sha256:f3df7b3d0f91b88b2106031fd995802a2e9ae13e02c36c1fc075b43f420f3a17",
                "sha256:f5414a788ecc6ee6bc58560e85ca624258a55ca434884445440a810796ea0e0b",
                "sha256:fa26fa54c0a9384c27fcdc905a2fb7d60ac6e47d14bc2692145f2b3b1e2cfdbd"
            ],
            "markers": "python_version >= '3.7' and python_full_version not in '3.9.0, 3.9.1'",
            "version": "==45.0.7"
        },
        "docutils": {
            "hashes": [
                "sha256:4ed966a0e96a0477d852f7af31bdcb3adc049fbb35ccba358c2ea8a03287615e",
                "sha256:ba9d57750e92331ebe7c08a1bbf7a7f8143b86c476acd51528b042216a6aad0f"
            ],
            "markers": "python_version >= '3.9'",
            "version": "==0.22"
        },
        "id": {
            "hashes": [
                "sha256:292cb8a49eacbbdbce97244f47a97b4c62540169c976552e497fd57df0734c1d",
                "sha256:f1434e1cef91f2cbb8a4ec64663d5a23b9ed43ef44c4c957d02583d61714c658"
            ],
            "markers": "python_version >= '3.8'",
            "version": "==1.5.0"
        },
        "idna": {
            "hashes": [
                "sha256:12f65c9b470abda6dc35cf8e63cc574b1c52b11df2c86030af0ac09b01b13ea9",
                "sha256:946d195a0d259cbba61165e88e65941f16e9b36ea6ddb97f00452bae8b1287d3"
            ],
            "markers": "python_version >= '3.6'",
            "version": "==3.10"
        },
        "iniconfig": {
            "hashes": [
                "sha256:3abbd2e30b36733fee78f9c7f7308f2d0050e88f0087fd25c2645f63c773e1c7",
                "sha256:9deba5723312380e77435581c6bf4935c94cbfab9b1ed33ef8d238ea168eb760"
            ],
            "markers": "python_version >= '3.8'",
            "version": "==2.1.0"
        },
        "jaraco.classes": {
            "hashes": [
                "sha256:47a024b51d0239c0dd8c8540c6c7f484be3b8fcf0b2d85c13825780d3b3f3acd",
                "sha256:f662826b6bed8cace05e7ff873ce0f9283b5c924470fe664fff1c2f00f581790"
            ],
            "markers": "python_version >= '3.8'",
            "version": "==3.4.0"
        },
        "jaraco.context": {
            "hashes": [
                "sha256:9bae4ea555cf0b14938dc0aee7c9f32ed303aa20a3b73e7dc80111628792d1b3",
                "sha256:f797fc481b490edb305122c9181830a3a5b76d84ef6d1aef2fb9b47ab956f9e4"
            ],
            "markers": "python_version >= '3.8'",
            "version": "==6.0.1"
        },
        "jaraco.functools": {
            "hashes": [
                "sha256:227ff8ed6f7b8f62c56deff101545fa7543cf2c8e7b82a7c2116e672f29c26e8",
                "sha256:cfd13ad0dd2c47a3600b439ef72d8615d482cedcff1632930d6f28924d92f294"
            ],
            "markers": "python_version >= '3.9'",
            "version": "==4.3.0"
        },
        "jeepney": {
            "hashes": [
                "sha256:97e5714520c16fc0a45695e5365a2e11b81ea79bba796e26f9f1d178cb182683",
                "sha256:cf0e9e845622b81e4a28df94c40345400256ec608d0e55bb8a3feaa9163f5732"
            ],
            "markers": "python_version >= '3.7'",
            "version": "==0.9.0"
        },
        "keyring": {
            "hashes": [
                "sha256:0b39998aa941431eb3d9b0d4b2460bc773b9df6fed7621c2dfb291a7e0187a66",
                "sha256:552a3f7af126ece7ed5c89753650eec89c7eaae8617d0aa4d9ad2b75111266bd"
            ],
            "markers": "python_version >= '3.9'",
            "version": "==25.6.0"
        },
        "markdown-it-py": {
            "hashes": [
                "sha256:87327c59b172c5011896038353a81343b6754500a08cd7a4973bb48c6d578147",
                "sha256:cb0a2b4aa34f932c007117b194e945bd74e0ec24133ceb5bac59009cda1cb9f3"
            ],
            "markers": "python_version >= '3.10'",
            "version": "==4.0.0"
        },
        "mdurl": {
            "hashes": [
                "sha256:84008a41e51615a49fc9966191ff91509e3c40b939176e643fd50a5c2196b8f8",
                "sha256:bb413d29f5eea38f31dd4754dd7377d4465116fb207585f97bf925588687c1ba"
            ],
            "markers": "python_version >= '3.7'",
            "version": "==0.1.2"
        },
        "more-itertools": {
            "hashes": [
                "sha256:52d4362373dcf7c52546bc4af9a86ee7c4579df9a8dc268be0a2f949d376cc9b",
                "sha256:f638ddf8a1a0d134181275fb5d58b086ead7c6a72429ad725c67503f13ba30bd"
            ],
            "markers": "python_version >= '3.9'",
            "version": "==10.8.0"
        },
        "nh3": {
            "hashes": [
                "sha256:0649464ac8eee018644aacbc103874ccbfac80e3035643c3acaab4287e36e7f5",
                "sha256:16f8670201f7e8e0e05ed1a590eb84bfa51b01a69dd5caf1d3ea57733de6a52f",
                "sha256:1adeb1062a1c2974bc75b8d1ecb014c5fd4daf2df646bbe2831f7c23659793f9",
                "sha256:37d3003d98dedca6cd762bf88f2e70b67f05100f6b949ffe540e189cc06887f9",
                "sha256:389d93d59b8214d51c400fb5b07866c2a4f79e4e14b071ad66c92184fec3a392",
                "sha256:3f1b4f8a264a0c86ea01da0d0c390fe295ea0bcacc52c2103aca286f6884f518",
                "sha256:423201bbdf3164a9e09aa01e540adbb94c9962cc177d5b1cbb385f5e1e79216e",
                "sha256:634e34e6162e0408e14fb61d5e69dbaea32f59e847cfcfa41b66100a6b796f62",
                "sha256:6d68fa277b4a3cf04e5c4b84dd0c6149ff7d56c12b3e3fab304c525b850f613d",
                "sha256:7275fdffaab10cc5801bf026e3c089d8de40a997afc9e41b981f7ac48c5aa7d5",
                "sha256:7852f038a054e0096dac12b8141191e02e93e0b4608c4b993ec7d4ffafea4e49",
                "sha256:7c915060a2c8131bef6a29f78debc29ba40859b6dbe2362ef9e5fd44f11487c2",
                "sha256:80fe20171c6da69c7978ecba33b638e951b85fb92059259edd285ff108b82a6d",
                "sha256:a537ece1bf513e5a88d8cff8a872e12fe8d0f42ef71dd15a5e7520fecd191bbb",
                "sha256:af5aa8127f62bbf03d68f67a956627b1bd0469703a35b3dad28d0c1195e6c7fb",
                "sha256:b0612ccf5de8a480cf08f047b08f9d3fecc12e63d2ee91769cb19d7290614c23",
                "sha256:ba0caa8aa184196daa6e574d997a33867d6d10234018012d35f86d46024a2a95",
                "sha256:bae63772408fd63ad836ec569a7c8f444dd32863d0c67f6e0b25ebbd606afa95",
                "sha256:c7a32a7f0d89f7d30cb8f4a84bdbd56d1eb88b78a2434534f62c71dac538c450",
                "sha256:ce5e7185599f89b0e391e2f29cc12dc2e206167380cea49b33beda4891be2fe1",
                "sha256:d8ba24cb31525492ea71b6aac11a4adac91d828aadeff7c4586541bf5dc34d2f",
                "sha256:d97d3efd61404af7e5721a0e74d81cdbfc6e5f97e11e731bb6d090e30a7b62b2",
                "sha256:e90883f9f85288f423c77b3f5a6f4486375636f25f793165112679a7b6363b35",
                "sha256:e9e6a7e4d38f7e8dda9edd1433af5170c597336c1a74b4693c5cb75ab2b30f2a",
                "sha256:ec6cfdd2e0399cb79ba4dcffb2332b94d9696c52272ff9d48a630c5dca5e325a",
                "sha256:f416c35efee3e6a6c9ab7716d9e57aa0a49981be915963a82697952cba1353e1"
            ],
            "markers": "python_version >= '3.8'",
            "version": "==0.3.0"
        },
        "packaging": {
            "hashes": [
                "sha256:29572ef2b1f17581046b3a2227d5c611fb25ec70ca1ba8554b24b0e69331a484",
                "sha256:d443872c98d677bf60f6a1f2f8c1cb748e8fe762d2bf9d3148b5599295b0fc4f"
            ],
            "markers": "python_version >= '3.8'",
            "version": "==25.0"
        },
        "pkginfo": {
            "hashes": [
                "sha256:8ad91a0445a036782b9366ef8b8c2c50291f83a553478ba8580c73d3215700cf",
                "sha256:dcd589c9be4da8973eceffa247733c144812759aa67eaf4bbf97016a02f39088"
            ],
            "markers": "python_version >= '3.8'",
            "version": "==1.12.0"
        },
        "pluggy": {
            "hashes": [
                "sha256:7dcc130b76258d33b90f61b658791dede3486c3e6bfb003ee5c9bfb396dd22f3",
                "sha256:e920276dd6813095e9377c0bc5566d94c932c33b27a3e3945d8389c374dd4746"
            ],
            "markers": "python_version >= '3.9'",
            "version": "==1.6.0"
        },
        "pycparser": {
            "hashes": [
                "sha256:491c8be9c040f5390f5bf44a5b07752bd07f56edf992381b05c701439eec10f6",
                "sha256:c3702b6d3dd8c7abc1afa565d7e63d53a1d0bd86cdc24edd75470f4de499cfcc"
            ],
            "markers": "python_version >= '3.8'",
            "version": "==2.22"
        },
        "pygments": {
            "hashes": [
                "sha256:636cb2477cec7f8952536970bc533bc43743542f70392ae026374600add5b887",
                "sha256:86540386c03d588bb81d44bc3928634ff26449851e99741617ecb9037ee5ec0b"
            ],
            "markers": "python_version >= '3.8'",
            "version": "==2.19.2"
        },
        "pytest": {
            "hashes": [
                "sha256:539c70ba6fcead8e78eebbf1115e8b589e7565830d7d006a8723f19ac8a0afb7",
                "sha256:7c67fd69174877359ed9371ec3af8a3d2b04741818c51e5e99cc1742251fa93c"
            ],
            "index": "pypi",
            "markers": "python_version >= '3.9'",
            "version": "==8.4.1"
        },
        "readme-renderer": {
            "hashes": [
                "sha256:2fbca89b81a08526aadf1357a8c2ae889ec05fb03f5da67f9769c9a592166151",
                "sha256:8712034eabbfa6805cacf1402b4eeb2a73028f72d1166d6f5cb7f9c047c5d1e1"
            ],
            "markers": "python_version >= '3.9'",
            "version": "==44.0"
        },
        "requests": {
            "hashes": [
                "sha256:2462f94637a34fd532264295e186976db0f5d453d1cdd31473c85a6a161affb6",
                "sha256:dbba0bac56e100853db0ea71b82b4dfd5fe2bf6d3754a8893c3af500cec7d7cf"
            ],
            "markers": "python_version >= '3.9'",
            "version": "==2.32.5"
        },
        "requests-toolbelt": {
            "hashes": [
                "sha256:7681a0a3d047012b5bdc0ee37d7f8f07ebe76ab08caeccfc3921ce23c88d5bc6",
                "sha256:cccfdd665f0a24fcf4726e690f65639d272bb0637b9b92dfd91a5568ccf6bd06"
            ],
            "markers": "python_version >= '2.7' and python_version not in '3.0, 3.1, 3.2, 3.3'",
            "version": "==1.0.0"
        },
        "rfc3986": {
            "hashes": [
                "sha256:50b1502b60e289cb37883f3dfd34532b8873c7de9f49bb546641ce9cbd256ebd",
                "sha256:97aacf9dbd4bfd829baad6e6309fa6573aaf1be3f6fa735c8ab05e46cecb261c"
            ],
            "markers": "python_version >= '3.7'",
            "version": "==2.0.0"
        },
        "rich": {
            "hashes": [
                "sha256:536f5f1785986d6dbdea3c75205c473f970777b4a0d6c6dd1b696aa05a3fa04f",
                "sha256:e497a48b844b0320d45007cdebfeaeed8db2a4f4bcf49f15e455cfc4af11eaa8"
            ],
            "markers": "python_full_version >= '3.8.0'",
            "version": "==14.1.0"
        },
        "ruff": {
            "hashes": [
                "sha256:059e863ea3a9ade41407ad71c1de2badfbe01539117f38f763ba42a1206f7559",
                "sha256:141ce3d88803c625257b8a6debf4a0473eb6eed9643a6189b68838b43e78165a",
                "sha256:189ab65149d11ea69a2d775343adf5f49bb2426fc4780f65ee33b423ad2e47f9",
                "sha256:1bef6161e297c68908b7218fa6e0e93e99a286e5ed9653d4be71e687dff101cf",
                "sha256:1f68433c4fbc63efbfa3ba5db31727db229fa4e61000f452c540474b03de52a9",
                "sha256:2c6f4064c69d2542029b2a61d39920c85240c39837599d7f2e32e80d36401d6e",
                "sha256:37b4a64f4062a50c75019c61c7017ff598cb444984b638511f48539d3a1c98db",
                "sha256:4f1345fbf8fb0531cd722285b5f15af49b2932742fc96b633e883da8d841896b",
                "sha256:7837eca8787f076f67aba2ca559cefd9c5cbc3a9852fd66186f4201b87c1563e",
                "sha256:7d1a4e0bdfafcd2e3e235ecf50bf0176f74dd37902f241588ae1f6c827a36c56",
                "sha256:822d9677b560f1fdeab69b89d1f444bf5459da4aa04e06e766cf0121771ab844",
                "sha256:8b593cb0fb55cc8692dac7b06deb29afda78c721c7ccfed22db941201b7b8f7b",
                "sha256:9de785e95dc2f09846c5e6e1d3a3d32ecd0b283a979898ad427a9be7be22b266",
                "sha256:ae479e1a18b439c59138f066ae79cc0f3ee250712a873d00dbafadaad9481e5b",
                "sha256:cc138cc06ed9d4bfa9d667a65af7172b47840e1a98b02ce7011c391e54635ffc",
                "sha256:d59e58586829f8e4a9920788f6efba97a13d1fa320b047814e8afede381c6839",
                "sha256:e67d96827854f50b9e3e8327b031647e7bcc090dbe7bb11101a81a3a2cbf1cc9",
                "sha256:ebb7333a45d56efc7c110a46a69a1b32365d5c5161e7244aaf3aa20ce62399c1",
                "sha256:f3fc21178cd44c98142ae7590f42ddcb587b8e09a3b849cbc84edb62ee95de60"
            ],
            "index": "pypi",
            "markers": "python_version >= '3.7'",
            "version": "==0.12.10"
        },
        "secretstorage": {
            "hashes": [
                "sha256:2403533ef369eca6d2ba81718576c5e0f564d5cca1b58f73a8b23e7d4eeebd77",
                "sha256:f356e6628222568e3af06f2eba8df495efa13b3b63081dafd4f7d9a7b7bc9f99"
            ],
            "markers": "python_version >= '3.6'",
            "version": "==3.3.3"
        },
        "twine": {
            "hashes": [
                "sha256:418ebf08ccda9a8caaebe414433b0ba5e25eb5e4a927667122fbe8f829f985d8",
                "sha256:e5ed0d2fd70c9959770dce51c8f39c8945c574e18173a7b81802dab51b4b75cf"
            ],
            "index": "pypi",
            "markers": "python_version >= '3.9'",
            "version": "==6.2.0"
        },
        "urllib3": {
            "hashes": [
                "sha256:3fc47733c7e419d4bc3f6b3dc2b4f890bb743906a30d56ba4a5bfa4bbff92760",
                "sha256:e6b01673c0fa6a13e374b50871808eb3bf7046c4b125b216f6bf1cc604cff0dc"
            ],
            "index": "pypi",
            "markers": "python_version >= '3.9'",
            "version": "==2.5.0"
        },
        "wheel": {
            "hashes": [
                "sha256:661e1abd9198507b1409a20c02106d9670b2576e916d58f520316666abca6729",
                "sha256:708e7481cc80179af0e556bbf0cc00b8444c7321e2700b8d8580231d13017248"
            ],
            "index": "pypi",
            "markers": "python_version >= '3.8'",
            "version": "==0.45.1"
        }
    }
}
